{
  "lockfileVersion": 1,
  "workspaces": {
    "": {
      "name": "ridinglookup",
      "devDependencies": {
        "@cloudflare/workers-types": "^4.20250917.0",
      },
    },
  },
  "packages": {
    "@cloudflare/workers-types": ["@cloudflare/workers-types@4.20250917.0", "", {}, "sha512-Lsn9dZoRYZZCXXHZNa50cMP8kWhQZG9M7WjxNSiXFzC8bk4Wh/0SYYo4YINxEjEt6h2o69LmAhFaJ+qgaJTh8Q=="],
  }
}
